
Microsoft Visual Studio Solution File, Format Version 12.00
# Visual Studio Version 17
VisualStudioVersion = 17.11.35327.3
MinimumVisualStudioVersion = 10.0.40219.1
Project("{FAE04EC0-301F-11D3-BF4B-00C04F79EFBC}") = "08-EmployeeRecordsManagementCopyProj", "08-EmployeeRecordsManagementCopyProj\08-EmployeeRecordsManagementCopyProj.csproj", "{B25B4201-C4ED-41F5-AECB-28137AC38ED5}"
EndProject
Global
	GlobalSection(SolutionConfigurationPlatforms) = preSolution
		Debug|Any CPU = Debug|Any CPU
		Release|Any CPU = Release|Any CPU
	EndGlobalSection
	GlobalSection(ProjectConfigurationPlatforms) = postSolution
		{B25B4201-C4ED-41F5-AECB-28137AC38ED5}.Debug|Any CPU.ActiveCfg = Debug|Any CPU
		{B25B4201-C4ED-41F5-AECB-28137AC38ED5}.Debug|Any CPU.Build.0 = Debug|Any CPU
		{B25B4201-C4ED-41F5-AECB-28137AC38ED5}.Release|Any CPU.ActiveCfg = Release|Any CPU
		{B25B4201-C4ED-41F5-AECB-28137AC38ED5}.Release|Any CPU.Build.0 = Release|Any CPU
	EndGlobalSection
	GlobalSection(SolutionProperties) = preSolution
		HideSolutionNode = FALSE
	EndGlobalSection
	GlobalSection(ExtensibilityGlobals) = postSolution
		SolutionGuid = {FD6A066E-419A-44B2-8F74-488CB99B8499}
	EndGlobalSection
EndGlobal
